# generated by rye
# use `rye lock` or `rye sync` to update this lockfile
#
# last locked with the following flags:
#   pre: false
#   features: []
#   all-features: false
#   with-sources: false

-e file:.
asgiref==3.8.1
    # via django
    # via django-browser-reload
django==5.0.6
    # via django-browser-reload
    # via django-js-asset
    # via money-project
django-browser-reload==1.12.1
    # via money-project
django-js-asset==2.2.0
    # via django-mptt
django-mptt==0.16.0
    # via money-project
numpy==1.26.4
    # via pandas
pandas==2.2.2
    # via money-project
python-dateutil==2.9.0.post0
    # via pandas
pytz==2024.1
    # via pandas
six==1.16.0
    # via python-dateutil
sqlparse==0.5.0
    # via django
tzdata==2024.1
    # via pandas
